
Microsoft Visual Studio Solution File, Format Version 12.00
# Visual Studio Version 17
VisualStudioVersion = 17.14.36623.8
MinimumVisualStudioVersion = 10.0.40219.1
Project("{2150E333-8FDC-42A3-9474-1A3956D46DE8}") = "Src", "Src", "{32348DE6-AAEE-400B-B70B-8545A99693DD}"
EndProject
Project("{2150E333-8FDC-42A3-9474-1A3956D46DE8}") = "Services", "Services", "{A558F283-065D-4F63-AE21-36DDCB04707B}"
EndProject
Project("{2150E333-8FDC-42A3-9474-1A3956D46DE8}") = "Gateway", "Gateway", "{4EE75270-C12D-4A20-BAB9-871D8B489AC1}"
EndProject
Project("{FAE04EC0-301F-11D3-BF4B-00C04F79EFBC}") = "ApiGateway", "ApiGateway\ApiGateway.csproj", "{62376F42-CB58-4D53-AF18-EBD75B943AC4}"
EndProject
Project("{2150E333-8FDC-42A3-9474-1A3956D46DE8}") = "User", "User", "{C507FAA1-588A-4C76-B09C-A3E38C87F522}"
EndProject
Project("{FAE04EC0-301F-11D3-BF4B-00C04F79EFBC}") = "User.Domain", "User.Domain\User.Domain.csproj", "{65BD0679-D46B-4FC4-9F82-641174812EA2}"
EndProject
Project("{FAE04EC0-301F-11D3-BF4B-00C04F79EFBC}") = "User.Infrastructure", "User.Infrastructure\User.Infrastructure.csproj", "{56EE3852-1849-4915-9D32-F4DEFC6B0680}"
EndProject
Project("{FAE04EC0-301F-11D3-BF4B-00C04F79EFBC}") = "User.Api", "User.Api\User.Api.csproj", "{0B010495-D9C2-4E98-ACF7-C30FF0E0674A}"
EndProject
Project("{2150E333-8FDC-42A3-9474-1A3956D46DE8}") = "Community", "Community", "{7E6256BE-9169-4472-BC2D-A6361B19CDD8}"
EndProject
Project("{FAE04EC0-301F-11D3-BF4B-00C04F79EFBC}") = "Community.Api", "Community.Api\Community.Api.csproj", "{BB2AA07C-D488-4070-BF9B-E97C6870E7E7}"
EndProject
Project("{FAE04EC0-301F-11D3-BF4B-00C04F79EFBC}") = "Community.Domain", "Community.Domain\Community.Domain.csproj", "{C4E69EA7-2730-446A-9F8D-51D315830091}"
EndProject
Project("{FAE04EC0-301F-11D3-BF4B-00C04F79EFBC}") = "Community.Infrastructure", "Community.Infrastructure\Community.Infrastructure.csproj", "{FF53C1EC-D5E3-4451-8B24-FF2D2322C33E}"
EndProject
Project("{2150E333-8FDC-42A3-9474-1A3956D46DE8}") = "News", "News", "{EAE35AAA-367C-4B6B-A4DB-9DA7F181D666}"
EndProject
Project("{FAE04EC0-301F-11D3-BF4B-00C04F79EFBC}") = "News.Infrastructure", "News.Infrastructure\News.Infrastructure.csproj", "{B8109AAE-C068-4F55-B2D3-16F028E342CF}"
EndProject
Project("{FAE04EC0-301F-11D3-BF4B-00C04F79EFBC}") = "News.Domain", "News.Domain\News.Domain.csproj", "{BDF75929-E9D6-4D1E-AB46-D2E1E1310704}"
EndProject
Project("{FAE04EC0-301F-11D3-BF4B-00C04F79EFBC}") = "News.Api", "News.Api\News.Api.csproj", "{AAC1DB2F-9862-44B3-9329-484837CEB190}"
EndProject
Project("{FAE04EC0-301F-11D3-BF4B-00C04F79EFBC}") = "News.Tests", "News.Tests\News.Tests.csproj", "{13CD8253-3AD6-4AD9-A951-5D7ACA4D0BA8}"
EndProject
Global
	GlobalSection(SolutionConfigurationPlatforms) = preSolution
		Debug|Any CPU = Debug|Any CPU
		Release|Any CPU = Release|Any CPU
	EndGlobalSection
	GlobalSection(ProjectConfigurationPlatforms) = postSolution
		{62376F42-CB58-4D53-AF18-EBD75B943AC4}.Debug|Any CPU.ActiveCfg = Debug|Any CPU
		{62376F42-CB58-4D53-AF18-EBD75B943AC4}.Debug|Any CPU.Build.0 = Debug|Any CPU
		{62376F42-CB58-4D53-AF18-EBD75B943AC4}.Release|Any CPU.ActiveCfg = Release|Any CPU
		{62376F42-CB58-4D53-AF18-EBD75B943AC4}.Release|Any CPU.Build.0 = Release|Any CPU
		{65BD0679-D46B-4FC4-9F82-641174812EA2}.Debug|Any CPU.ActiveCfg = Debug|Any CPU
		{65BD0679-D46B-4FC4-9F82-641174812EA2}.Debug|Any CPU.Build.0 = Debug|Any CPU
		{65BD0679-D46B-4FC4-9F82-641174812EA2}.Release|Any CPU.ActiveCfg = Release|Any CPU
		{65BD0679-D46B-4FC4-9F82-641174812EA2}.Release|Any CPU.Build.0 = Release|Any CPU
		{56EE3852-1849-4915-9D32-F4DEFC6B0680}.Debug|Any CPU.ActiveCfg = Debug|Any CPU
		{56EE3852-1849-4915-9D32-F4DEFC6B0680}.Debug|Any CPU.Build.0 = Debug|Any CPU
		{56EE3852-1849-4915-9D32-F4DEFC6B0680}.Release|Any CPU.ActiveCfg = Release|Any CPU
		{56EE3852-1849-4915-9D32-F4DEFC6B0680}.Release|Any CPU.Build.0 = Release|Any CPU
		{0B010495-D9C2-4E98-ACF7-C30FF0E0674A}.Debug|Any CPU.ActiveCfg = Debug|Any CPU
		{0B010495-D9C2-4E98-ACF7-C30FF0E0674A}.Debug|Any CPU.Build.0 = Debug|Any CPU
		{0B010495-D9C2-4E98-ACF7-C30FF0E0674A}.Release|Any CPU.ActiveCfg = Release|Any CPU
		{0B010495-D9C2-4E98-ACF7-C30FF0E0674A}.Release|Any CPU.Build.0 = Release|Any CPU
		{BB2AA07C-D488-4070-BF9B-E97C6870E7E7}.Debug|Any CPU.ActiveCfg = Debug|Any CPU
		{BB2AA07C-D488-4070-BF9B-E97C6870E7E7}.Debug|Any CPU.Build.0 = Debug|Any CPU
		{BB2AA07C-D488-4070-BF9B-E97C6870E7E7}.Release|Any CPU.ActiveCfg = Release|Any CPU
		{BB2AA07C-D488-4070-BF9B-E97C6870E7E7}.Release|Any CPU.Build.0 = Release|Any CPU
		{C4E69EA7-2730-446A-9F8D-51D315830091}.Debug|Any CPU.ActiveCfg = Debug|Any CPU
		{C4E69EA7-2730-446A-9F8D-51D315830091}.Debug|Any CPU.Build.0 = Debug|Any CPU
		{C4E69EA7-2730-446A-9F8D-51D315830091}.Release|Any CPU.ActiveCfg = Release|Any CPU
		{C4E69EA7-2730-446A-9F8D-51D315830091}.Release|Any CPU.Build.0 = Release|Any CPU
		{FF53C1EC-D5E3-4451-8B24-FF2D2322C33E}.Debug|Any CPU.ActiveCfg = Debug|Any CPU
		{FF53C1EC-D5E3-4451-8B24-FF2D2322C33E}.Debug|Any CPU.Build.0 = Debug|Any CPU
		{FF53C1EC-D5E3-4451-8B24-FF2D2322C33E}.Release|Any CPU.ActiveCfg = Release|Any CPU
		{FF53C1EC-D5E3-4451-8B24-FF2D2322C33E}.Release|Any CPU.Build.0 = Release|Any CPU
		{B8109AAE-C068-4F55-B2D3-16F028E342CF}.Debug|Any CPU.ActiveCfg = Debug|Any CPU
		{B8109AAE-C068-4F55-B2D3-16F028E342CF}.Debug|Any CPU.Build.0 = Debug|Any CPU
		{B8109AAE-C068-4F55-B2D3-16F028E342CF}.Release|Any CPU.ActiveCfg = Release|Any CPU
		{B8109AAE-C068-4F55-B2D3-16F028E342CF}.Release|Any CPU.Build.0 = Release|Any CPU
		{BDF75929-E9D6-4D1E-AB46-D2E1E1310704}.Debug|Any CPU.ActiveCfg = Debug|Any CPU
		{BDF75929-E9D6-4D1E-AB46-D2E1E1310704}.Debug|Any CPU.Build.0 = Debug|Any CPU
		{BDF75929-E9D6-4D1E-AB46-D2E1E1310704}.Release|Any CPU.ActiveCfg = Release|Any CPU
		{BDF75929-E9D6-4D1E-AB46-D2E1E1310704}.Release|Any CPU.Build.0 = Release|Any CPU
		{AAC1DB2F-9862-44B3-9329-484837CEB190}.Debug|Any CPU.ActiveCfg = Debug|Any CPU
		{AAC1DB2F-9862-44B3-9329-484837CEB190}.Debug|Any CPU.Build.0 = Debug|Any CPU
		{AAC1DB2F-9862-44B3-9329-484837CEB190}.Release|Any CPU.ActiveCfg = Release|Any CPU
		{AAC1DB2F-9862-44B3-9329-484837CEB190}.Release|Any CPU.Build.0 = Release|Any CPU
		{13CD8253-3AD6-4AD9-A951-5D7ACA4D0BA8}.Debug|Any CPU.ActiveCfg = Debug|Any CPU
		{13CD8253-3AD6-4AD9-A951-5D7ACA4D0BA8}.Debug|Any CPU.Build.0 = Debug|Any CPU
		{13CD8253-3AD6-4AD9-A951-5D7ACA4D0BA8}.Release|Any CPU.ActiveCfg = Release|Any CPU
		{13CD8253-3AD6-4AD9-A951-5D7ACA4D0BA8}.Release|Any CPU.Build.0 = Release|Any CPU
	EndGlobalSection
	GlobalSection(SolutionProperties) = preSolution
		HideSolutionNode = FALSE
	EndGlobalSection
	GlobalSection(NestedProjects) = preSolution
		{A558F283-065D-4F63-AE21-36DDCB04707B} = {32348DE6-AAEE-400B-B70B-8545A99693DD}
		{4EE75270-C12D-4A20-BAB9-871D8B489AC1} = {32348DE6-AAEE-400B-B70B-8545A99693DD}
		{62376F42-CB58-4D53-AF18-EBD75B943AC4} = {4EE75270-C12D-4A20-BAB9-871D8B489AC1}
		{C507FAA1-588A-4C76-B09C-A3E38C87F522} = {A558F283-065D-4F63-AE21-36DDCB04707B}
		{65BD0679-D46B-4FC4-9F82-641174812EA2} = {C507FAA1-588A-4C76-B09C-A3E38C87F522}
		{56EE3852-1849-4915-9D32-F4DEFC6B0680} = {C507FAA1-588A-4C76-B09C-A3E38C87F522}
		{0B010495-D9C2-4E98-ACF7-C30FF0E0674A} = {C507FAA1-588A-4C76-B09C-A3E38C87F522}
		{7E6256BE-9169-4472-BC2D-A6361B19CDD8} = {A558F283-065D-4F63-AE21-36DDCB04707B}
		{BB2AA07C-D488-4070-BF9B-E97C6870E7E7} = {7E6256BE-9169-4472-BC2D-A6361B19CDD8}
		{C4E69EA7-2730-446A-9F8D-51D315830091} = {7E6256BE-9169-4472-BC2D-A6361B19CDD8}
		{FF53C1EC-D5E3-4451-8B24-FF2D2322C33E} = {7E6256BE-9169-4472-BC2D-A6361B19CDD8}
		{EAE35AAA-367C-4B6B-A4DB-9DA7F181D666} = {A558F283-065D-4F63-AE21-36DDCB04707B}
		{B8109AAE-C068-4F55-B2D3-16F028E342CF} = {EAE35AAA-367C-4B6B-A4DB-9DA7F181D666}
		{BDF75929-E9D6-4D1E-AB46-D2E1E1310704} = {EAE35AAA-367C-4B6B-A4DB-9DA7F181D666}
		{AAC1DB2F-9862-44B3-9329-484837CEB190} = {EAE35AAA-367C-4B6B-A4DB-9DA7F181D666}
		{13CD8253-3AD6-4AD9-A951-5D7ACA4D0BA8} = {EAE35AAA-367C-4B6B-A4DB-9DA7F181D666}
	EndGlobalSection
	GlobalSection(ExtensibilityGlobals) = postSolution
		SolutionGuid = {E662B4AE-3858-4F8C-8551-132DD1C67838}
	EndGlobalSection
EndGlobal
